
Microsoft Visual Studio Solution File, Format Version 12.00
# Visual Studio Express 2012 for Windows Desktop
Project("{8BC9CEB8-8B4A-11D0-8D11-00A0C91BC942}") = "OpenCV-CL_Demo-ShoffTesfaye", "OpenCV-CL_Demo-ShoffTesfaye\OpenCV-CL_Demo-ShoffTesfaye.vcxproj", "{87C9705C-5E54-4CB3-A92A-3858EAD84BDE}"
EndProject
Global
	GlobalSection(SolutionConfigurationPlatforms) = preSolution
		Debug|Win32 = Debug|Win32
		Release|Win32 = Release|Win32
	EndGlobalSection
	GlobalSection(ProjectConfigurationPlatforms) = postSolution
		{87C9705C-5E54-4CB3-A92A-3858EAD84BDE}.Debug|Win32.ActiveCfg = Debug|Win32
		{87C9705C-5E54-4CB3-A92A-3858EAD84BDE}.Debug|Win32.Build.0 = Debug|Win32
		{87C9705C-5E54-4CB3-A92A-3858EAD84BDE}.Release|Win32.ActiveCfg = Release|Win32
		{87C9705C-5E54-4CB3-A92A-3858EAD84BDE}.Release|Win32.Build.0 = Release|Win32
	EndGlobalSection
	GlobalSection(SolutionProperties) = preSolution
		HideSolutionNode = FALSE
	EndGlobalSection
EndGlobal
